
Microsoft Visual Studio Solution File, Format Version 12.00
# Visual Studio 14
VisualStudioVersion = 14.0.25420.1
MinimumVisualStudioVersion = 10.0.40219.1
Project("{2150E333-8FDC-42A3-9474-1A3956D46DE8}") = "Web", "Web", "{12A48D7B-8FA4-4E8D-84E9-7D0183C774BC}"
EndProject
Project("{2150E333-8FDC-42A3-9474-1A3956D46DE8}") = "App", "App", "{87900C42-7787-4067-B7F3-41DE1061042C}"
EndProject
Project("{2150E333-8FDC-42A3-9474-1A3956D46DE8}") = "Core", "Core", "{907305CF-DFFF-4392-9E93-2F258B7E8F8A}"
EndProject
Project("{2150E333-8FDC-42A3-9474-1A3956D46DE8}") = "Infrastructure", "Infrastructure", "{3D58DA58-646B-4FA3-B2ED-3C81D5A8EE51}"
EndProject
Project("{FAE04EC0-301F-11D3-BF4B-00C04F79EFBC}") = "UP.VitalBet.Infrastructure.Index", "UP.VitalBet.Infrastructure.Index\UP.VitalBet.Infrastructure.Index.csproj", "{0945AB26-374C-4F90-8711-E77957DAC7E0}"
EndProject
Project("{FAE04EC0-301F-11D3-BF4B-00C04F79EFBC}") = "UP.VitalBet.Infrastructure.EF", "UP.VitalBet.Infrastructure.EF\UP.VitalBet.Infrastructure.EF.csproj", "{BAEB9C7E-1852-411A-9B5B-CF2ED66F6D17}"
EndProject
Project("{FAE04EC0-301F-11D3-BF4B-00C04F79EFBC}") = "UP.VitalBet.Model", "UP.VitalBet.Model\UP.VitalBet.Model.csproj", "{AF0EF6E8-8B4A-4D8E-9FA1-7CC3804BFF5A}"
EndProject
Project("{FAE04EC0-301F-11D3-BF4B-00C04F79EFBC}") = "UP.VitalBet.Common", "UP.VitalBet.Common\UP.VitalBet.Common.csproj", "{433F0CFB-4989-4DE1-B103-4D36D6659661}"
EndProject
Project("{FAE04EC0-301F-11D3-BF4B-00C04F79EFBC}") = "UP.VitalBet.App", "UP.VitalBet.App\UP.VitalBet.App.csproj", "{8CBCC14E-93F1-49C6-9665-4DE198B81070}"
EndProject
Project("{FAE04EC0-301F-11D3-BF4B-00C04F79EFBC}") = "UP.VitalBet.Common.Cqs", "UP.VitalBet.Common.Cqs\UP.VitalBet.Common.Cqs.csproj", "{0E2A2F53-39AF-46B3-8144-42B2787E9BE2}"
EndProject
Project("{FAE04EC0-301F-11D3-BF4B-00C04F79EFBC}") = "UP.VitalBet.App.Cqs", "UP.VitalBet.App.Cqs\UP.VitalBet.App.Cqs.csproj", "{DE4C07D6-53BB-456F-AE11-FFA926B5ED69}"
EndProject
Project("{FAE04EC0-301F-11D3-BF4B-00C04F79EFBC}") = "UP.VitalBet.Infrastructure.Feed", "UP.VitalBet.Infrastructure.Feed\UP.VitalBet.Infrastructure.Feed.csproj", "{76305298-30D3-4F4D-AB39-FA51A41C8247}"
EndProject
Project("{FAE04EC0-301F-11D3-BF4B-00C04F79EFBC}") = "UP.VitalBet.Core", "UP.VitalBet.Core\UP.VitalBet.Core.csproj", "{CC1F2439-0864-43DB-AB77-5DDDB47A85A1}"
EndProject
Project("{FAE04EC0-301F-11D3-BF4B-00C04F79EFBC}") = "UP.VitalBet.Web", "UP.VitalBet.Web\UP.VitalBet.Web.csproj", "{7055C86D-48F6-47BA-BDEA-E764CD96D41A}"
EndProject
Global
	GlobalSection(SolutionConfigurationPlatforms) = preSolution
		Debug|Any CPU = Debug|Any CPU
		Release|Any CPU = Release|Any CPU
	EndGlobalSection
	GlobalSection(ProjectConfigurationPlatforms) = postSolution
		{0945AB26-374C-4F90-8711-E77957DAC7E0}.Debug|Any CPU.ActiveCfg = Debug|Any CPU
		{0945AB26-374C-4F90-8711-E77957DAC7E0}.Debug|Any CPU.Build.0 = Debug|Any CPU
		{0945AB26-374C-4F90-8711-E77957DAC7E0}.Release|Any CPU.ActiveCfg = Release|Any CPU
		{0945AB26-374C-4F90-8711-E77957DAC7E0}.Release|Any CPU.Build.0 = Release|Any CPU
		{BAEB9C7E-1852-411A-9B5B-CF2ED66F6D17}.Debug|Any CPU.ActiveCfg = Debug|Any CPU
		{BAEB9C7E-1852-411A-9B5B-CF2ED66F6D17}.Debug|Any CPU.Build.0 = Debug|Any CPU
		{BAEB9C7E-1852-411A-9B5B-CF2ED66F6D17}.Release|Any CPU.ActiveCfg = Release|Any CPU
		{BAEB9C7E-1852-411A-9B5B-CF2ED66F6D17}.Release|Any CPU.Build.0 = Release|Any CPU
		{AF0EF6E8-8B4A-4D8E-9FA1-7CC3804BFF5A}.Debug|Any CPU.ActiveCfg = Debug|Any CPU
		{AF0EF6E8-8B4A-4D8E-9FA1-7CC3804BFF5A}.Debug|Any CPU.Build.0 = Debug|Any CPU
		{AF0EF6E8-8B4A-4D8E-9FA1-7CC3804BFF5A}.Release|Any CPU.ActiveCfg = Release|Any CPU
		{AF0EF6E8-8B4A-4D8E-9FA1-7CC3804BFF5A}.Release|Any CPU.Build.0 = Release|Any CPU
		{433F0CFB-4989-4DE1-B103-4D36D6659661}.Debug|Any CPU.ActiveCfg = Debug|Any CPU
		{433F0CFB-4989-4DE1-B103-4D36D6659661}.Debug|Any CPU.Build.0 = Debug|Any CPU
		{433F0CFB-4989-4DE1-B103-4D36D6659661}.Release|Any CPU.ActiveCfg = Release|Any CPU
		{433F0CFB-4989-4DE1-B103-4D36D6659661}.Release|Any CPU.Build.0 = Release|Any CPU
		{8CBCC14E-93F1-49C6-9665-4DE198B81070}.Debug|Any CPU.ActiveCfg = Debug|Any CPU
		{8CBCC14E-93F1-49C6-9665-4DE198B81070}.Debug|Any CPU.Build.0 = Debug|Any CPU
		{8CBCC14E-93F1-49C6-9665-4DE198B81070}.Release|Any CPU.ActiveCfg = Release|Any CPU
		{8CBCC14E-93F1-49C6-9665-4DE198B81070}.Release|Any CPU.Build.0 = Release|Any CPU
		{0E2A2F53-39AF-46B3-8144-42B2787E9BE2}.Debug|Any CPU.ActiveCfg = Debug|Any CPU
		{0E2A2F53-39AF-46B3-8144-42B2787E9BE2}.Debug|Any CPU.Build.0 = Debug|Any CPU
		{0E2A2F53-39AF-46B3-8144-42B2787E9BE2}.Release|Any CPU.ActiveCfg = Release|Any CPU
		{0E2A2F53-39AF-46B3-8144-42B2787E9BE2}.Release|Any CPU.Build.0 = Release|Any CPU
		{DE4C07D6-53BB-456F-AE11-FFA926B5ED69}.Debug|Any CPU.ActiveCfg = Debug|Any CPU
		{DE4C07D6-53BB-456F-AE11-FFA926B5ED69}.Debug|Any CPU.Build.0 = Debug|Any CPU
		{DE4C07D6-53BB-456F-AE11-FFA926B5ED69}.Release|Any CPU.ActiveCfg = Release|Any CPU
		{DE4C07D6-53BB-456F-AE11-FFA926B5ED69}.Release|Any CPU.Build.0 = Release|Any CPU
		{76305298-30D3-4F4D-AB39-FA51A41C8247}.Debug|Any CPU.ActiveCfg = Debug|Any CPU
		{76305298-30D3-4F4D-AB39-FA51A41C8247}.Debug|Any CPU.Build.0 = Debug|Any CPU
		{76305298-30D3-4F4D-AB39-FA51A41C8247}.Release|Any CPU.ActiveCfg = Release|Any CPU
		{76305298-30D3-4F4D-AB39-FA51A41C8247}.Release|Any CPU.Build.0 = Release|Any CPU
		{CC1F2439-0864-43DB-AB77-5DDDB47A85A1}.Debug|Any CPU.ActiveCfg = Debug|Any CPU
		{CC1F2439-0864-43DB-AB77-5DDDB47A85A1}.Debug|Any CPU.Build.0 = Debug|Any CPU
		{CC1F2439-0864-43DB-AB77-5DDDB47A85A1}.Release|Any CPU.ActiveCfg = Release|Any CPU
		{CC1F2439-0864-43DB-AB77-5DDDB47A85A1}.Release|Any CPU.Build.0 = Release|Any CPU
		{7055C86D-48F6-47BA-BDEA-E764CD96D41A}.Debug|Any CPU.ActiveCfg = Debug|Any CPU
		{7055C86D-48F6-47BA-BDEA-E764CD96D41A}.Debug|Any CPU.Build.0 = Debug|Any CPU
		{7055C86D-48F6-47BA-BDEA-E764CD96D41A}.Release|Any CPU.ActiveCfg = Release|Any CPU
		{7055C86D-48F6-47BA-BDEA-E764CD96D41A}.Release|Any CPU.Build.0 = Release|Any CPU
	EndGlobalSection
	GlobalSection(SolutionProperties) = preSolution
		HideSolutionNode = FALSE
	EndGlobalSection
	GlobalSection(NestedProjects) = preSolution
		{0945AB26-374C-4F90-8711-E77957DAC7E0} = {3D58DA58-646B-4FA3-B2ED-3C81D5A8EE51}
		{BAEB9C7E-1852-411A-9B5B-CF2ED66F6D17} = {3D58DA58-646B-4FA3-B2ED-3C81D5A8EE51}
		{AF0EF6E8-8B4A-4D8E-9FA1-7CC3804BFF5A} = {907305CF-DFFF-4392-9E93-2F258B7E8F8A}
		{433F0CFB-4989-4DE1-B103-4D36D6659661} = {907305CF-DFFF-4392-9E93-2F258B7E8F8A}
		{8CBCC14E-93F1-49C6-9665-4DE198B81070} = {87900C42-7787-4067-B7F3-41DE1061042C}
		{0E2A2F53-39AF-46B3-8144-42B2787E9BE2} = {907305CF-DFFF-4392-9E93-2F258B7E8F8A}
		{DE4C07D6-53BB-456F-AE11-FFA926B5ED69} = {87900C42-7787-4067-B7F3-41DE1061042C}
		{76305298-30D3-4F4D-AB39-FA51A41C8247} = {3D58DA58-646B-4FA3-B2ED-3C81D5A8EE51}
		{CC1F2439-0864-43DB-AB77-5DDDB47A85A1} = {907305CF-DFFF-4392-9E93-2F258B7E8F8A}
		{7055C86D-48F6-47BA-BDEA-E764CD96D41A} = {12A48D7B-8FA4-4E8D-84E9-7D0183C774BC}
	EndGlobalSection
EndGlobal
